
Microsoft Visual Studio Solution File, Format Version 12.00
# Visual Studio Version 16
VisualStudioVersion = 16.0.30523.141
MinimumVisualStudioVersion = 10.0.40219.1
Project("{FAE04EC0-301F-11D3-BF4B-00C04F79EFBC}") = "Progetto_C_Sharp", "Progetto_C_Sharp\Progetto_C_Sharp.csproj", "{C4F7BC5E-E164-4A6A-A5F6-80D01326C749}"
EndProject
Project("{FAE04EC0-301F-11D3-BF4B-00C04F79EFBC}") = "Test", "Test\Test.csproj", "{FA64D0A0-1F96-4645-8FB5-3046C3032459}"
EndProject
Global
	GlobalSection(SolutionConfigurationPlatforms) = preSolution
		Debug|Any CPU = Debug|Any CPU
		Release|Any CPU = Release|Any CPU
	EndGlobalSection
	GlobalSection(ProjectConfigurationPlatforms) = postSolution
		{C4F7BC5E-E164-4A6A-A5F6-80D01326C749}.Debug|Any CPU.ActiveCfg = Debug|Any CPU
		{C4F7BC5E-E164-4A6A-A5F6-80D01326C749}.Debug|Any CPU.Build.0 = Debug|Any CPU
		{C4F7BC5E-E164-4A6A-A5F6-80D01326C749}.Release|Any CPU.ActiveCfg = Release|Any CPU
		{C4F7BC5E-E164-4A6A-A5F6-80D01326C749}.Release|Any CPU.Build.0 = Release|Any CPU
		{FA64D0A0-1F96-4645-8FB5-3046C3032459}.Debug|Any CPU.ActiveCfg = Debug|Any CPU
		{FA64D0A0-1F96-4645-8FB5-3046C3032459}.Debug|Any CPU.Build.0 = Debug|Any CPU
		{FA64D0A0-1F96-4645-8FB5-3046C3032459}.Release|Any CPU.ActiveCfg = Release|Any CPU
		{FA64D0A0-1F96-4645-8FB5-3046C3032459}.Release|Any CPU.Build.0 = Release|Any CPU
	EndGlobalSection
	GlobalSection(SolutionProperties) = preSolution
		HideSolutionNode = FALSE
	EndGlobalSection
	GlobalSection(ExtensibilityGlobals) = postSolution
		SolutionGuid = {0830B5E5-DC1C-4A2E-B17A-967607776F68}
	EndGlobalSection
EndGlobal
